# THIS IS AN AUTOGENERATED FILE. DO NOT EDIT THIS FILE DIRECTLY.
# yarn lockfile v1


"@babel/helper-plugin-utils@^7.8.0":
  version "7.10.4"
  resolved "https://registry.yarnpkg.com/@babel/helper-plugin-utils/-/helper-plugin-utils-7.10.4.tgz#2f75a831269d4f677de49986dff59927533cf375"
  integrity sha512-O4KCvQA6lLiMU9l2eawBPMf1xPP8xPfB3iEQw150hOVTqj/rfXz0ThTb4HEzqQfs2Bmo5Ay8BzxfzVtBrr9dVg==

"@babel/plugin-syntax-object-rest-spread@^7.8.3":
  version "7.8.3"
  resolved "https://registry.yarnpkg.com/@babel/plugin-syntax-object-rest-spread/-/plugin-syntax-object-rest-spread-7.8.3.tgz#60e225edcbd98a640332a2e72dd3e66f1af55871"
  integrity sha512-XoqMijGZb9y3y2XskN+P1wUGiVwWZ5JmoDRwx5+3GmEplNyVM2s2Dg8ILFQm8rWM48orGy5YpI5Bl8U1y7ydlA==
  dependencies:
    "@babel/helper-plugin-utils" "^7.8.0"

"@babel/runtime@^7.0.0":
  version "7.10.4"
  resolved "https://registry.yarnpkg.com/@babel/runtime/-/runtime-7.10.4.tgz#a6724f1a6b8d2f6ea5236dbfe58c7d7ea9c5eb99"
  integrity sha512-UpTN5yUJr9b4EX2CnGNWIvER7Ab83ibv0pcvvHc4UOdrBI5jb8bj+32cCwPX6xu0mt2daFNjYhoi+X7beH0RSw==
  dependencies:
    regenerator-runtime "^0.13.4"

lodash@^4.17.20:
  version "4.17.20"
  resolved "https://registry.yarnpkg.com/lodash/-/lodash-4.17.20.tgz#b44a9b6297bcb698f1c51a3545a2b3b368d59c52"
  integrity sha512-PlhdFcillOINfeV7Ni6oF1TAEayyZBoZ8bcshTHqOYJYlrqzRK5hagpagky5o4HfCzzd1TRkXPMFq6cKk9rGmA==

"memoize-one@>=3.1.1 <6":
  version "5.1.1"
  resolved "https://registry.yarnpkg.com/memoize-one/-/memoize-one-5.1.1.tgz#047b6e3199b508eaec03504de71229b8eb1d75c0"
  integrity sha512-HKeeBpWvqiVJD57ZUAsJNm71eHTykffzcLZVYWiVfQeI1rJtuEaS7hQiEpWfVVk18donPwJEcFKIkCmPJNOhHA==

"react-dom@link:../node_modules/react-dom":
  version "0.0.0"

"react-scripts@link:../node_modules/react-scripts":
  version "0.0.0"

"react-window-scroller@link:..":
  version "1.0.10"
  dependencies:
    lodash "^4.17.20"

react-window@^1.8.5:
  version "1.8.5"
  resolved "https://registry.yarnpkg.com/react-window/-/react-window-1.8.5.tgz#a56b39307e79979721021f5d06a67742ecca52d1"
  integrity sha512-HeTwlNa37AFa8MDZFZOKcNEkuF2YflA0hpGPiTT9vR7OawEt+GZbfM6wqkBahD3D3pUjIabQYzsnY/BSJbgq6Q==
  dependencies:
    "@babel/runtime" "^7.0.0"
    memoize-one ">=3.1.1 <6"

"react@link:../node_modules/react":
  version "0.0.0"

regenerator-runtime@^0.13.4:
  version "0.13.5"
  resolved "https://registry.yarnpkg.com/regenerator-runtime/-/regenerator-runtime-0.13.5.tgz#d878a1d094b4306d10b9096484b33ebd55e26697"
  integrity sha512-ZS5w8CpKFinUzOwW3c83oPeVXoNsrLsaCoLtJvAClH135j/R77RuymhiSErhm2lKcwSCIpmvIWSbDkIfAqKQlA==
